
Microsoft Visual Studio Solution File, Format Version 12.00
# Visual Studio 2013
VisualStudioVersion = 12.0.20623.1 VSUPREVIEW
MinimumVisualStudioVersion = 10.0.40219.1
Project("{F2A71F9B-5D33-465A-A702-920D77279786}") = "TimeMonitor.WinApp", "TimeMonitor.WinApp\TimeMonitor.WinApp.fsproj", "{6DF40885-3F21-4F47-AFD4-B4941B1AD021}"
EndProject
Project("{2150E333-8FDC-42A3-9474-1A3956D46DE8}") = ".nuget", ".nuget", "{A4A21D0D-D3A7-45AE-BFD6-1E6AEEA532D8}"
	ProjectSection(SolutionItems) = preProject
		.nuget\NuGet.Config = .nuget\NuGet.Config
		.nuget\NuGet.exe = .nuget\NuGet.exe
		.nuget\NuGet.targets = .nuget\NuGet.targets
	EndProjectSection
EndProject
Global
	GlobalSection(SolutionConfigurationPlatforms) = preSolution
		Debug|Any CPU = Debug|Any CPU
		Release|Any CPU = Release|Any CPU
	EndGlobalSection
	GlobalSection(ProjectConfigurationPlatforms) = postSolution
		{6DF40885-3F21-4F47-AFD4-B4941B1AD021}.Debug|Any CPU.ActiveCfg = Debug|Any CPU
		{6DF40885-3F21-4F47-AFD4-B4941B1AD021}.Debug|Any CPU.Build.0 = Debug|Any CPU
		{6DF40885-3F21-4F47-AFD4-B4941B1AD021}.Release|Any CPU.ActiveCfg = Release|Any CPU
		{6DF40885-3F21-4F47-AFD4-B4941B1AD021}.Release|Any CPU.Build.0 = Release|Any CPU
	EndGlobalSection
	GlobalSection(SolutionProperties) = preSolution
		HideSolutionNode = FALSE
	EndGlobalSection
EndGlobal
